
Microsoft Visual Studio Solution File, Format Version 12.00
# Visual Studio Version 17
VisualStudioVersion = 17.2.32519.379
MinimumVisualStudioVersion = 10.0.40219.1
Project("{FAE04EC0-301F-11D3-BF4B-00C04F79EFBC}") = "pryBarreiroEj1", "pryBarreiroEj1\pryBarreiroEj1.csproj", "{66124CBD-5728-4965-931E-9521678F733B}"
EndProject
Global
	GlobalSection(SolutionConfigurationPlatforms) = preSolution
		Debug|Any CPU = Debug|Any CPU
		Release|Any CPU = Release|Any CPU
	EndGlobalSection
	GlobalSection(ProjectConfigurationPlatforms) = postSolution
		{66124CBD-5728-4965-931E-9521678F733B}.Debug|Any CPU.ActiveCfg = Debug|Any CPU
		{66124CBD-5728-4965-931E-9521678F733B}.Debug|Any CPU.Build.0 = Debug|Any CPU
		{66124CBD-5728-4965-931E-9521678F733B}.Release|Any CPU.ActiveCfg = Release|Any CPU
		{66124CBD-5728-4965-931E-9521678F733B}.Release|Any CPU.Build.0 = Release|Any CPU
	EndGlobalSection
	GlobalSection(SolutionProperties) = preSolution
		HideSolutionNode = FALSE
	EndGlobalSection
	GlobalSection(ExtensibilityGlobals) = postSolution
		SolutionGuid = {CB029494-05CB-4AD9-8149-5AD12BEFDE44}
	EndGlobalSection
EndGlobal
